// !$*UTF8*$!
{
	archiveVersion = 1;
	classes = {
	};
	objectVersion = 46;
	objects = {

/* Begin PBXBuildFile section */
		665ACE7218862772002CD711 /* BITRequest.m in Sources */ = {isa = PBXBuildFile; fileRef = 665ACE7118862772002CD711 /* BITRequest.m */; };
		665C26D018860C7E00FF6833 /* Foundation.framework in Frameworks */ = {isa = PBXBuildFile; fileRef = 665C26CF18860C7E00FF6833 /* Foundation.framework */; };
		665C26D218860C7E00FF6833 /* CoreGraphics.framework in Frameworks */ = {isa = PBXBuildFile; fileRef = 665C26D118860C7E00FF6833 /* CoreGraphics.framework */; };
		665C26D418860C7E00FF6833 /* UIKit.framework in Frameworks */ = {isa = PBXBuildFile; fileRef = 665C26D318860C7E00FF6833 /* UIKit.framework */; };
		665C26DA18860C7E00FF6833 /* InfoPlist.strings in Resources */ = {isa = PBXBuildFile; fileRef = 665C26D818860C7E00FF6833 /* InfoPlist.strings */; };
		665C26DC18860C7E00FF6833 /* main.m in Sources */ = {isa = PBXBuildFile; fileRef = 665C26DB18860C7E00FF6833 /* main.m */; };
		665C26E018860C7E00FF6833 /* AppDelegate.m in Sources */ = {isa = PBXBuildFile; fileRef = 665C26DF18860C7E00FF6833 /* AppDelegate.m */; };
		665C26E318860C7E00FF6833 /* Main.storyboard in Resources */ = {isa = PBXBuildFile; fileRef = 665C26E118860C7E00FF6833 /* Main.storyboard */; };
		665C26EB18860C7E00FF6833 /* Images.xcassets in Resources */ = {isa = PBXBuildFile; fileRef = 665C26EA18860C7E00FF6833 /* Images.xcassets */; };
		665C26F218860C7E00FF6833 /* XCTest.framework in Frameworks */ = {isa = PBXBuildFile; fileRef = 665C26F118860C7E00FF6833 /* XCTest.framework */; };
		665C26F318860C7E00FF6833 /* Foundation.framework in Frameworks */ = {isa = PBXBuildFile; fileRef = 665C26CF18860C7E00FF6833 /* Foundation.framework */; };
		665C26F418860C7E00FF6833 /* UIKit.framework in Frameworks */ = {isa = PBXBuildFile; fileRef = 665C26D318860C7E00FF6833 /* UIKit.framework */; };
		665C26FC18860C7E00FF6833 /* InfoPlist.strings in Resources */ = {isa = PBXBuildFile; fileRef = 665C26FA18860C7E00FF6833 /* InfoPlist.strings */; };
		665C26FE18860C7E00FF6833 /* BandsInTownAPITests.m in Sources */ = {isa = PBXBuildFile; fileRef = 665C26FD18860C7E00FF6833 /* BandsInTownAPITests.m */; };
		665C270A18860E8F00FF6833 /* BITVenue.m in Sources */ = {isa = PBXBuildFile; fileRef = 665C270918860E8F00FF6833 /* BITVenue.m */; };
		665C270C18860F4700FF6833 /* CoreLocation.framework in Frameworks */ = {isa = PBXBuildFile; fileRef = 665C270B18860F4700FF6833 /* CoreLocation.framework */; };
		665C271118860FBF00FF6833 /* BITArtist.m in Sources */ = {isa = PBXBuildFile; fileRef = 665C271018860FBF00FF6833 /* BITArtist.m */; };
		665C27151886106700FF6833 /* BITEvent.m in Sources */ = {isa = PBXBuildFile; fileRef = 665C27141886106700FF6833 /* BITEvent.m */; };
		665C271C188615AB00FF6833 /* BITAuthManager.m in Sources */ = {isa = PBXBuildFile; fileRef = 665C271B188615AB00FF6833 /* BITAuthManager.m */; };
		665C271F1886168700FF6833 /* BITTestViewController.m in Sources */ = {isa = PBXBuildFile; fileRef = 665C271E1886168700FF6833 /* BITTestViewController.m */; };
		8A36BDAD17AC4279B2684B8F /* libPods.a in Frameworks */ = {isa = PBXBuildFile; fileRef = 4A6BB631C97449F193E91B59 /* libPods.a */; };
/* End PBXBuildFile section */

/* Begin PBXContainerItemProxy section */
		665C26F518860C7E00FF6833 /* PBXContainerItemProxy */ = {
			isa = PBXContainerItemProxy;
			containerPortal = 665C26C418860C7E00FF6833 /* Project object */;
			proxyType = 1;
			remoteGlobalIDString = 665C26CB18860C7E00FF6833;
			remoteInfo = BandsInTownAPI;
		};
/* End PBXContainerItemProxy section */

/* Begin PBXFileReference section */
		4A6BB631C97449F193E91B59 /* libPods.a */ = {isa = PBXFileReference; explicitFileType = archive.ar; includeInIndex = 0; path = libPods.a; sourceTree = BUILT_PRODUCTS_DIR; };
		655F883254454800BB0B106F /* Pods.xcconfig */ = {isa = PBXFileReference; includeInIndex = 1; lastKnownFileType = text.xcconfig; name = Pods.xcconfig; path = Pods/Pods.xcconfig; sourceTree = "<group>"; };
		665ACE7018862772002CD711 /* BITRequest.h */ = {isa = PBXFileReference; fileEncoding = 4; lastKnownFileType = sourcecode.c.h; name = BITRequest.h; path = Classes/BITRequest.h; sourceTree = "<group>"; };
		665ACE7118862772002CD711 /* BITRequest.m */ = {isa = PBXFileReference; fileEncoding = 4; lastKnownFileType = sourcecode.c.objc; name = BITRequest.m; path = Classes/BITRequest.m; sourceTree = "<group>"; };
		665C26CC18860C7E00FF6833 /* BandsInTownAPI.app */ = {isa = PBXFileReference; explicitFileType = wrapper.application; includeInIndex = 0; path = BandsInTownAPI.app; sourceTree = BUILT_PRODUCTS_DIR; };
		665C26CF18860C7E00FF6833 /* Foundation.framework */ = {isa = PBXFileReference; lastKnownFileType = wrapper.framework; name = Foundation.framework; path = System/Library/Frameworks/Foundation.framework; sourceTree = SDKROOT; };
		665C26D118860C7E00FF6833 /* CoreGraphics.framework */ = {isa = PBXFileReference; lastKnownFileType = wrapper.framework; name = CoreGraphics.framework; path = System/Library/Frameworks/CoreGraphics.framework; sourceTree = SDKROOT; };
		665C26D318860C7E00FF6833 /* UIKit.framework */ = {isa = PBXFileReference; lastKnownFileType = wrapper.framework; name = UIKit.framework; path = System/Library/Frameworks/UIKit.framework; sourceTree = SDKROOT; };
		665C26D718860C7E00FF6833 /* BandsInTownAPI-Info.plist */ = {isa = PBXFileReference; lastKnownFileType = text.plist.xml; path = "BandsInTownAPI-Info.plist"; sourceTree = "<group>"; };
		665C26D918860C7E00FF6833 /* en */ = {isa = PBXFileReference; lastKnownFileType = text.plist.strings; name = en; path = en.lproj/InfoPlist.strings; sourceTree = "<group>"; };
		665C26DB18860C7E00FF6833 /* main.m */ = {isa = PBXFileReference; lastKnownFileType = sourcecode.c.objc; path = main.m; sourceTree = "<group>"; };
		665C26DD18860C7E00FF6833 /* BandsInTownAPI-Prefix.pch */ = {isa = PBXFileReference; lastKnownFileType = sourcecode.c.h; path = "BandsInTownAPI-Prefix.pch"; sourceTree = "<group>"; };
		665C26DE18860C7E00FF6833 /* AppDelegate.h */ = {isa = PBXFileReference; lastKnownFileType = sourcecode.c.h; path = AppDelegate.h; sourceTree = "<group>"; };
		665C26DF18860C7E00FF6833 /* AppDelegate.m */ = {isa = PBXFileReference; lastKnownFileType = sourcecode.c.objc; path = AppDelegate.m; sourceTree = "<group>"; };
		665C26E218860C7E00FF6833 /* Base */ = {isa = PBXFileReference; lastKnownFileType = file.storyboard; name = Base; path = Base.lproj/Main.storyboard; sourceTree = "<group>"; };
		665C26EA18860C7E00FF6833 /* Images.xcassets */ = {isa = PBXFileReference; lastKnownFileType = folder.assetcatalog; path = Images.xcassets; sourceTree = "<group>"; };
		665C26F018860C7E00FF6833 /* BandsInTownAPITests.xctest */ = {isa = PBXFileReference; explicitFileType = wrapper.cfbundle; includeInIndex = 0; path = BandsInTownAPITests.xctest; sourceTree = BUILT_PRODUCTS_DIR; };
		665C26F118860C7E00FF6833 /* XCTest.framework */ = {isa = PBXFileReference; lastKnownFileType = wrapper.framework; name = XCTest.framework; path = Library/Frameworks/XCTest.framework; sourceTree = DEVELOPER_DIR; };
		665C26F918860C7E00FF6833 /* BandsInTownAPITests-Info.plist */ = {isa = PBXFileReference; lastKnownFileType = text.plist.xml; path = "BandsInTownAPITests-Info.plist"; sourceTree = "<group>"; };
		665C26FB18860C7E00FF6833 /* en */ = {isa = PBXFileReference; lastKnownFileType = text.plist.strings; name = en; path = en.lproj/InfoPlist.strings; sourceTree = "<group>"; };
		665C26FD18860C7E00FF6833 /* BandsInTownAPITests.m */ = {isa = PBXFileReference; lastKnownFileType = sourcecode.c.objc; path = BandsInTownAPITests.m; sourceTree = "<group>"; };
		665C270818860E8F00FF6833 /* BITVenue.h */ = {isa = PBXFileReference; fileEncoding = 4; lastKnownFileType = sourcecode.c.h; name = BITVenue.h; path = Classes/BITVenue.h; sourceTree = "<group>"; };
		665C270918860E8F00FF6833 /* BITVenue.m */ = {isa = PBXFileReference; fileEncoding = 4; lastKnownFileType = sourcecode.c.objc; name = BITVenue.m; path = Classes/BITVenue.m; sourceTree = "<group>"; };
		665C270B18860F4700FF6833 /* CoreLocation.framework */ = {isa = PBXFileReference; lastKnownFileType = wrapper.framework; name = CoreLocation.framework; path = System/Library/Frameworks/CoreLocation.framework; sourceTree = SDKROOT; };
		665C270F18860FBF00FF6833 /* BITArtist.h */ = {isa = PBXFileReference; fileEncoding = 4; lastKnownFileType = sourcecode.c.h; name = BITArtist.h; path = Classes/BITArtist.h; sourceTree = "<group>"; };
		665C271018860FBF00FF6833 /* BITArtist.m */ = {isa = PBXFileReference; fileEncoding = 4; lastKnownFileType = sourcecode.c.objc; name = BITArtist.m; path = Classes/BITArtist.m; sourceTree = "<group>"; };
		665C27131886106700FF6833 /* BITEvent.h */ = {isa = PBXFileReference; fileEncoding = 4; lastKnownFileType = sourcecode.c.h; name = BITEvent.h; path = Classes/BITEvent.h; sourceTree = "<group>"; };
		665C27141886106700FF6833 /* BITEvent.m */ = {isa = PBXFileReference; fileEncoding = 4; lastKnownFileType = sourcecode.c.objc; name = BITEvent.m; path = Classes/BITEvent.m; sourceTree = "<group>"; };
		665C271A188615AB00FF6833 /* BITAuthManager.h */ = {isa = PBXFileReference; fileEncoding = 4; lastKnownFileType = sourcecode.c.h; name = BITAuthManager.h; path = Classes/BITAuthManager.h; sourceTree = "<group>"; };
		665C271B188615AB00FF6833 /* BITAuthManager.m */ = {isa = PBXFileReference; fileEncoding = 4; lastKnownFileType = sourcecode.c.objc; name = BITAuthManager.m; path = Classes/BITAuthManager.m; sourceTree = "<group>"; };
		665C271D1886168700FF6833 /* BITTestViewController.h */ = {isa = PBXFileReference; fileEncoding = 4; lastKnownFileType = sourcecode.c.h; name = BITTestViewController.h; path = Classes/BITTestViewController.h; sourceTree = "<group>"; };
		665C271E1886168700FF6833 /* BITTestViewController.m */ = {isa = PBXFileReference; fileEncoding = 4; lastKnownFileType = sourcecode.c.objc; name = BITTestViewController.m; path = Classes/BITTestViewController.m; sourceTree = "<group>"; };
/* End PBXFileReference section */

/* Begin PBXFrameworksBuildPhase section */
		665C26C918860C7E00FF6833 /* Frameworks */ = {
			isa = PBXFrameworksBuildPhase;
			buildActionMask = 2147483647;
			files = (
				665C270C18860F4700FF6833 /* CoreLocation.framework in Frameworks */,
				665C26D218860C7E00FF6833 /* CoreGraphics.framework in Frameworks */,
				665C26D418860C7E00FF6833 /* UIKit.framework in Frameworks */,
				665C26D018860C7E00FF6833 /* Foundation.framework in Frameworks */,
				8A36BDAD17AC4279B2684B8F /* libPods.a in Frameworks */,
			);
			runOnlyForDeploymentPostprocessing = 0;
		};
		665C26ED18860C7E00FF6833 /* Frameworks */ = {
			isa = PBXFrameworksBuildPhase;
			buildActionMask = 2147483647;
			files = (
				665C26F218860C7E00FF6833 /* XCTest.framework in Frameworks */,
				665C26F418860C7E00FF6833 /* UIKit.framework in Frameworks */,
				665C26F318860C7E00FF6833 /* Foundation.framework in Frameworks */,
			);
			runOnlyForDeploymentPostprocessing = 0;
		};
/* End PBXFrameworksBuildPhase section */

/* Begin PBXGroup section */
		665C26C318860C7E00FF6833 = {
			isa = PBXGroup;
			children = (
				665C26D518860C7E00FF6833 /* BandsInTownAPI */,
				665C26F718860C7E00FF6833 /* BandsInTownAPITests */,
				665C26CE18860C7E00FF6833 /* Frameworks */,
				665C26CD18860C7E00FF6833 /* Products */,
				655F883254454800BB0B106F /* Pods.xcconfig */,
			);
			sourceTree = "<group>";
		};
		665C26CD18860C7E00FF6833 /* Products */ = {
			isa = PBXGroup;
			children = (
				665C26CC18860C7E00FF6833 /* BandsInTownAPI.app */,
				665C26F018860C7E00FF6833 /* BandsInTownAPITests.xctest */,
			);
			name = Products;
			sourceTree = "<group>";
		};
		665C26CE18860C7E00FF6833 /* Frameworks */ = {
			isa = PBXGroup;
			children = (
				665C270B18860F4700FF6833 /* CoreLocation.framework */,
				665C26CF18860C7E00FF6833 /* Foundation.framework */,
				665C26D118860C7E00FF6833 /* CoreGraphics.framework */,
				665C26D318860C7E00FF6833 /* UIKit.framework */,
				665C26F118860C7E00FF6833 /* XCTest.framework */,
				4A6BB631C97449F193E91B59 /* libPods.a */,
			);
			name = Frameworks;
			sourceTree = "<group>";
		};
		665C26D518860C7E00FF6833 /* BandsInTownAPI */ = {
			isa = PBXGroup;
			children = (
				665C270718860E6100FF6833 /* Model */,
				665C26DE18860C7E00FF6833 /* AppDelegate.h */,
				665C26DF18860C7E00FF6833 /* AppDelegate.m */,
				665C26E118860C7E00FF6833 /* Main.storyboard */,
				665C271D1886168700FF6833 /* BITTestViewController.h */,
				665C271E1886168700FF6833 /* BITTestViewController.m */,
				665C26EA18860C7E00FF6833 /* Images.xcassets */,
				665C26D618860C7E00FF6833 /* Supporting Files */,
			);
			path = BandsInTownAPI;
			sourceTree = "<group>";
		};
		665C26D618860C7E00FF6833 /* Supporting Files */ = {
			isa = PBXGroup;
			children = (
				665C26D718860C7E00FF6833 /* BandsInTownAPI-Info.plist */,
				665C26D818860C7E00FF6833 /* InfoPlist.strings */,
				665C26DB18860C7E00FF6833 /* main.m */,
				665C26DD18860C7E00FF6833 /* BandsInTownAPI-Prefix.pch */,
			);
			name = "Supporting Files";
			sourceTree = "<group>";
		};
		665C26F718860C7E00FF6833 /* BandsInTownAPITests */ = {
			isa = PBXGroup;
			children = (
				665C26FD18860C7E00FF6833 /* BandsInTownAPITests.m */,
				665C26F818860C7E00FF6833 /* Supporting Files */,
			);
			path = BandsInTownAPITests;
			sourceTree = "<group>";
		};
		665C26F818860C7E00FF6833 /* Supporting Files */ = {
			isa = PBXGroup;
			children = (
				665C26F918860C7E00FF6833 /* BandsInTownAPITests-Info.plist */,
				665C26FA18860C7E00FF6833 /* InfoPlist.strings */,
			);
			name = "Supporting Files";
			sourceTree = "<group>";
		};
		665C270718860E6100FF6833 /* Model */ = {
			isa = PBXGroup;
			children = (
				665C270E18860F7100FF6833 /* Artist */,
				665C27161886151A00FF6833 /* Auth */,
				665C27121886105200FF6833 /* Event */,
				665C272018861B9B00FF6833 /* RequestManager */,
				665C270D18860F6600FF6833 /* Venue */,
			);
			name = Model;
			sourceTree = "<group>";
		};
		665C270D18860F6600FF6833 /* Venue */ = {
			isa = PBXGroup;
			children = (
				665C270818860E8F00FF6833 /* BITVenue.h */,
				665C270918860E8F00FF6833 /* BITVenue.m */,
			);
			name = Venue;
			sourceTree = "<group>";
		};
		665C270E18860F7100FF6833 /* Artist */ = {
			isa = PBXGroup;
			children = (
				665C270F18860FBF00FF6833 /* BITArtist.h */,
				665C271018860FBF00FF6833 /* BITArtist.m */,
			);
			name = Artist;
			sourceTree = "<group>";
		};
		665C27121886105200FF6833 /* Event */ = {
			isa = PBXGroup;
			children = (
				665C27131886106700FF6833 /* BITEvent.h */,
				665C27141886106700FF6833 /* BITEvent.m */,
			);
			name = Event;
			sourceTree = "<group>";
		};
		665C27161886151A00FF6833 /* Auth */ = {
			isa = PBXGroup;
			children = (
				665C271A188615AB00FF6833 /* BITAuthManager.h */,
				665C271B188615AB00FF6833 /* BITAuthManager.m */,
			);
			name = Auth;
			sourceTree = "<group>";
		};
		665C272018861B9B00FF6833 /* RequestManager */ = {
			isa = PBXGroup;
			children = (
				665ACE7018862772002CD711 /* BITRequest.h */,
				665ACE7118862772002CD711 /* BITRequest.m */,
			);
			name = RequestManager;
			sourceTree = "<group>";
		};
/* End PBXGroup section */

/* Begin PBXNativeTarget section */
		665C26CB18860C7E00FF6833 /* BandsInTownAPI */ = {
			isa = PBXNativeTarget;
			buildConfigurationList = 665C270118860C7F00FF6833 /* Build configuration list for PBXNativeTarget "BandsInTownAPI" */;
			buildPhases = (
				5673FDD0A1804427B26B3F03 /* Check Pods Manifest.lock */,
				665C26C818860C7E00FF6833 /* Sources */,
				665C26C918860C7E00FF6833 /* Frameworks */,
				665C26CA18860C7E00FF6833 /* Resources */,
				986FE0DF807445E2BE9D7F75 /* Copy Pods Resources */,
			);
			buildRules = (
			);
			dependencies = (
			);
			name = BandsInTownAPI;
			productName = BandsInTownAPI;
			productReference = 665C26CC18860C7E00FF6833 /* BandsInTownAPI.app */;
			productType = "com.apple.product-type.application";
		};
		665C26EF18860C7E00FF6833 /* BandsInTownAPITests */ = {
			isa = PBXNativeTarget;
			buildConfigurationList = 665C270418860C7F00FF6833 /* Build configuration list for PBXNativeTarget "BandsInTownAPITests" */;
			buildPhases = (
				665C26EC18860C7E00FF6833 /* Sources */,
				665C26ED18860C7E00FF6833 /* Frameworks */,
				665C26EE18860C7E00FF6833 /* Resources */,
			);
			buildRules = (
			);
			dependencies = (
				665C26F618860C7E00FF6833 /* PBXTargetDependency */,
			);
			name = BandsInTownAPITests;
			productName = BandsInTownAPITests;
			productReference = 665C26F018860C7E00FF6833 /* BandsInTownAPITests.xctest */;
			productType = "com.apple.product-type.bundle.unit-test";
		};
/* End PBXNativeTarget section */

/* Begin PBXProject section */
		665C26C418860C7E00FF6833 /* Project object */ = {
			isa = PBXProject;
			attributes = {
				LastUpgradeCheck = 0500;
				ORGANIZATIONNAME = "Adam Cumiskey";
				TargetAttributes = {
					665C26EF18860C7E00FF6833 = {
						TestTargetID = 665C26CB18860C7E00FF6833;
					};
				};
			};
			buildConfigurationList = 665C26C718860C7E00FF6833 /* Build configuration list for PBXProject "BandsInTownAPI" */;
			compatibilityVersion = "Xcode 3.2";
			developmentRegion = English;
			hasScannedForEncodings = 0;
			knownRegions = (
				en,
				Base,
			);
			mainGroup = 665C26C318860C7E00FF6833;
			productRefGroup = 665C26CD18860C7E00FF6833 /* Products */;
			projectDirPath = "";
			projectRoot = "";
			targets = (
				665C26CB18860C7E00FF6833 /* BandsInTownAPI */,
				665C26EF18860C7E00FF6833 /* BandsInTownAPITests */,
			);
		};
/* End PBXProject section */

/* Begin PBXResourcesBuildPhase section */
		665C26CA18860C7E00FF6833 /* Resources */ = {
			isa = PBXResourcesBuildPhase;
			buildActionMask = 2147483647;
			files = (
				665C26EB18860C7E00FF6833 /* Images.xcassets in Resources */,
				665C26DA18860C7E00FF6833 /* InfoPlist.strings in Resources */,
				665C26E318860C7E00FF6833 /* Main.storyboard in Resources */,
			);
			runOnlyForDeploymentPostprocessing = 0;
		};
		665C26EE18860C7E00FF6833 /* Resources */ = {
			isa = PBXResourcesBuildPhase;
			buildActionMask = 2147483647;
			files = (
				665C26FC18860C7E00FF6833 /* InfoPlist.strings in Resources */,
			);
			runOnlyForDeploymentPostprocessing = 0;
		};
/* End PBXResourcesBuildPhase section */

/* Begin PBXShellScriptBuildPhase section */
		5673FDD0A1804427B26B3F03 /* Check Pods Manifest.lock */ = {
			isa = PBXShellScriptBuildPhase;
			buildActionMask = 2147483647;
			files = (
			);
			inputPaths = (
			);
			name = "Check Pods Manifest.lock";
			outputPaths = (
			);
			runOnlyForDeploymentPostprocessing = 0;
			shellPath = /bin/sh;
			shellScript = "diff \"${PODS_ROOT}/../Podfile.lock\" \"${PODS_ROOT}/Manifest.lock\" > /dev/null\nif [[ $? != 0 ]] ; then\n    cat << EOM\nerror: The sandbox is not in sync with the Podfile.lock. Run 'pod install' or update your CocoaPods installation.\nEOM\n    exit 1\nfi\n";
			showEnvVarsInLog = 0;
		};
		986FE0DF807445E2BE9D7F75 /* Copy Pods Resources */ = {
			isa = PBXShellScriptBuildPhase;
			buildActionMask = 2147483647;
			files = (
			);
			inputPaths = (
			);
			name = "Copy Pods Resources";
			outputPaths = (
			);
			runOnlyForDeploymentPostprocessing = 0;
			shellPath = /bin/sh;
			shellScript = "\"${SRCROOT}/Pods/Pods-resources.sh\"\n";
			showEnvVarsInLog = 0;
		};
/* End PBXShellScriptBuildPhase section */

/* Begin PBXSourcesBuildPhase section */
		665C26C818860C7E00FF6833 /* Sources */ = {
			isa = PBXSourcesBuildPhase;
			buildActionMask = 2147483647;
			files = (
				665C271F1886168700FF6833 /* BITTestViewController.m in Sources */,
				665C271118860FBF00FF6833 /* BITArtist.m in Sources */,
				665C271C188615AB00FF6833 /* BITAuthManager.m in Sources */,
				665C270A18860E8F00FF6833 /* BITVenue.m in Sources */,
				665C27151886106700FF6833 /* BITEvent.m in Sources */,
				665C26E018860C7E00FF6833 /* AppDelegate.m in Sources */,
				665C26DC18860C7E00FF6833 /* main.m in Sources */,
				665ACE7218862772002CD711 /* BITRequest.m in Sources */,
			);
			runOnlyForDeploymentPostprocessing = 0;
		};
		665C26EC18860C7E00FF6833 /* Sources */ = {
			isa = PBXSourcesBuildPhase;
			buildActionMask = 2147483647;
			files = (
				665C26FE18860C7E00FF6833 /* BandsInTownAPITests.m in Sources */,
			);
			runOnlyForDeploymentPostprocessing = 0;
		};
/* End PBXSourcesBuildPhase section */

/* Begin PBXTargetDependency section */
		665C26F618860C7E00FF6833 /* PBXTargetDependency */ = {
			isa = PBXTargetDependency;
			target = 665C26CB18860C7E00FF6833 /* BandsInTownAPI */;
			targetProxy = 665C26F518860C7E00FF6833 /* PBXContainerItemProxy */;
		};
/* End PBXTargetDependency section */

/* Begin PBXVariantGroup section */
		665C26D818860C7E00FF6833 /* InfoPlist.strings */ = {
			isa = PBXVariantGroup;
			children = (
				665C26D918860C7E00FF6833 /* en */,
			);
			name = InfoPlist.strings;
			sourceTree = "<group>";
		};
		665C26E118860C7E00FF6833 /* Main.storyboard */ = {
			isa = PBXVariantGroup;
			children = (
				665C26E218860C7E00FF6833 /* Base */,
			);
			name = Main.storyboard;
			sourceTree = "<group>";
		};
		665C26FA18860C7E00FF6833 /* InfoPlist.strings */ = {
			isa = PBXVariantGroup;
			children = (
				665C26FB18860C7E00FF6833 /* en */,
			);
			name = InfoPlist.strings;
			sourceTree = "<group>";
		};
/* End PBXVariantGroup section */

/* Begin XCBuildConfiguration section */
		665C26FF18860C7F00FF6833 /* Debug */ = {
			isa = XCBuildConfiguration;
			buildSettings = {
				ALWAYS_SEARCH_USER_PATHS = NO;
				ARCHS = "$(ARCHS_STANDARD_INCLUDING_64_BIT)";
				CLANG_CXX_LANGUAGE_STANDARD = "gnu++0x";
				CLANG_CXX_LIBRARY = "libc++";
				CLANG_ENABLE_MODULES = YES;
				CLANG_ENABLE_OBJC_ARC = YES;
				CLANG_WARN_BOOL_CONVERSION = YES;
				CLANG_WARN_CONSTANT_CONVERSION = YES;
				CLANG_WARN_DIRECT_OBJC_ISA_USAGE = YES_ERROR;
				CLANG_WARN_EMPTY_BODY = YES;
				CLANG_WARN_ENUM_CONVERSION = YES;
				CLANG_WARN_INT_CONVERSION = YES;
				CLANG_WARN_OBJC_ROOT_CLASS = YES_ERROR;
				CLANG_WARN__DUPLICATE_METHOD_MATCH = YES;
				"CODE_SIGN_IDENTITY[sdk=iphoneos*]" = "iPhone Developer";
				COPY_PHASE_STRIP = NO;
				GCC_C_LANGUAGE_STANDARD = gnu99;
				GCC_DYNAMIC_NO_PIC = NO;
				GCC_OPTIMIZATION_LEVEL = 0;
				GCC_PREPROCESSOR_DEFINITIONS = (
					"DEBUG=1",
					"$(inherited)",
				);
				GCC_SYMBOLS_PRIVATE_EXTERN = NO;
				GCC_WARN_64_TO_32_BIT_CONVERSION = YES;
				GCC_WARN_ABOUT_RETURN_TYPE = YES_ERROR;
				GCC_WARN_UNDECLARED_SELECTOR = YES;
				GCC_WARN_UNINITIALIZED_AUTOS = YES;
				GCC_WARN_UNUSED_FUNCTION = YES;
				GCC_WARN_UNUSED_VARIABLE = YES;
				IPHONEOS_DEPLOYMENT_TARGET = 7.0;
				ONLY_ACTIVE_ARCH = YES;
				SDKROOT = iphoneos;
			};
			name = Debug;
		};
		665C270018860C7F00FF6833 /* Release */ = {
			isa = XCBuildConfiguration;
			buildSettings = {
				ALWAYS_SEARCH_USER_PATHS = NO;
				ARCHS = "$(ARCHS_STANDARD_INCLUDING_64_BIT)";
				CLANG_CXX_LANGUAGE_STANDARD = "gnu++0x";
				CLANG_CXX_LIBRARY = "libc++";
				CLANG_ENABLE_MODULES = YES;
				CLANG_ENABLE_OBJC_ARC = YES;
				CLANG_WARN_BOOL_CONVERSION = YES;
				CLANG_WARN_CONSTANT_CONVERSION = YES;
				CLANG_WARN_DIRECT_OBJC_ISA_USAGE = YES_ERROR;
				CLANG_WARN_EMPTY_BODY = YES;
				CLANG_WARN_ENUM_CONVERSION = YES;
				CLANG_WARN_INT_CONVERSION = YES;
				CLANG_WARN_OBJC_ROOT_CLASS = YES_ERROR;
				CLANG_WARN__DUPLICATE_METHOD_MATCH = YES;
				"CODE_SIGN_IDENTITY[sdk=iphoneos*]" = "iPhone Developer";
				COPY_PHASE_STRIP = YES;
				ENABLE_NS_ASSERTIONS = NO;
				GCC_C_LANGUAGE_STANDARD = gnu99;
				GCC_WARN_64_TO_32_BIT_CONVERSION = YES;
				GCC_WARN_ABOUT_RETURN_TYPE = YES_ERROR;
				GCC_WARN_UNDECLARED_SELECTOR = YES;
				GCC_WARN_UNINITIALIZED_AUTOS = YES;
				GCC_WARN_UNUSED_FUNCTION = YES;
				GCC_WARN_UNUSED_VARIABLE = YES;
				IPHONEOS_DEPLOYMENT_TARGET = 7.0;
				SDKROOT = iphoneos;
				VALIDATE_PRODUCT = YES;
			};
			name = Release;
		};
		665C270218860C7F00FF6833 /* Debug */ = {
			isa = XCBuildConfiguration;
			baseConfigurationReference = 655F883254454800BB0B106F /* Pods.xcconfig */;
			buildSettings = {
				ASSETCATALOG_COMPILER_APPICON_NAME = AppIcon;
				ASSETCATALOG_COMPILER_LAUNCHIMAGE_NAME = LaunchImage;
				GCC_PRECOMPILE_PREFIX_HEADER = YES;
				GCC_PREFIX_HEADER = "BandsInTownAPI/BandsInTownAPI-Prefix.pch";
				INFOPLIST_FILE = "BandsInTownAPI/BandsInTownAPI-Info.plist";
				PRODUCT_NAME = "$(TARGET_NAME)";
				WRAPPER_EXTENSION = app;
			};
			name = Debug;
		};
		665C270318860C7F00FF6833 /* Release */ = {
			isa = XCBuildConfiguration;
			baseConfigurationReference = 655F883254454800BB0B106F /* Pods.xcconfig */;
			buildSettings = {
				ASSETCATALOG_COMPILER_APPICON_NAME = AppIcon;
				ASSETCATALOG_COMPILER_LAUNCHIMAGE_NAME = LaunchImage;
				GCC_PRECOMPILE_PREFIX_HEADER = YES;
				GCC_PREFIX_HEADER = "BandsInTownAPI/BandsInTownAPI-Prefix.pch";
				INFOPLIST_FILE = "BandsInTownAPI/BandsInTownAPI-Info.plist";
				PRODUCT_NAME = "$(TARGET_NAME)";
				WRAPPER_EXTENSION = app;
			};
			name = Release;
		};
		665C270518860C7F00FF6833 /* Debug */ = {
			isa = XCBuildConfiguration;
			buildSettings = {
				ARCHS = "$(ARCHS_STANDARD_INCLUDING_64_BIT)";
				BUNDLE_LOADER = "$(BUILT_PRODUCTS_DIR)/BandsInTownAPI.app/BandsInTownAPI";
				FRAMEWORK_SEARCH_PATHS = (
					"$(SDKROOT)/Developer/Library/Frameworks",
					"$(inherited)",
					"$(DEVELOPER_FRAMEWORKS_DIR)",
				);
				GCC_PRECOMPILE_PREFIX_HEADER = YES;
				GCC_PREFIX_HEADER = "BandsInTownAPI/BandsInTownAPI-Prefix.pch";
				GCC_PREPROCESSOR_DEFINITIONS = (
					"DEBUG=1",
					"$(inherited)",
				);
				INFOPLIST_FILE = "BandsInTownAPITests/BandsInTownAPITests-Info.plist";
				PRODUCT_NAME = "$(TARGET_NAME)";
				TEST_HOST = "$(BUNDLE_LOADER)";
				WRAPPER_EXTENSION = xctest;
			};
			name = Debug;
		};
		665C270618860C7F00FF6833 /* Release */ = {
			isa = XCBuildConfiguration;
			buildSettings = {
				ARCHS = "$(ARCHS_STANDARD_INCLUDING_64_BIT)";
				BUNDLE_LOADER = "$(BUILT_PRODUCTS_DIR)/BandsInTownAPI.app/BandsInTownAPI";
				FRAMEWORK_SEARCH_PATHS = (
					"$(SDKROOT)/Developer/Library/Frameworks",
					"$(inherited)",
					"$(DEVELOPER_FRAMEWORKS_DIR)",
				);
				GCC_PRECOMPILE_PREFIX_HEADER = YES;
				GCC_PREFIX_HEADER = "BandsInTownAPI/BandsInTownAPI-Prefix.pch";
				INFOPLIST_FILE = "BandsInTownAPITests/BandsInTownAPITests-Info.plist";
				PRODUCT_NAME = "$(TARGET_NAME)";
				TEST_HOST = "$(BUNDLE_LOADER)";
				WRAPPER_EXTENSION = xctest;
			};
			name = Release;
		};
/* End XCBuildConfiguration section */

/* Begin XCConfigurationList section */
		665C26C718860C7E00FF6833 /* Build configuration list for PBXProject "BandsInTownAPI" */ = {
			isa = XCConfigurationList;
			buildConfigurations = (
				665C26FF18860C7F00FF6833 /* Debug */,
				665C270018860C7F00FF6833 /* Release */,
			);
			defaultConfigurationIsVisible = 0;
			defaultConfigurationName = Release;
		};
		665C270118860C7F00FF6833 /* Build configuration list for PBXNativeTarget "BandsInTownAPI" */ = {
			isa = XCConfigurationList;
			buildConfigurations = (
				665C270218860C7F00FF6833 /* Debug */,
				665C270318860C7F00FF6833 /* Release */,
			);
			defaultConfigurationIsVisible = 0;
			defaultConfigurationName = Release;
		};
		665C270418860C7F00FF6833 /* Build configuration list for PBXNativeTarget "BandsInTownAPITests" */ = {
			isa = XCConfigurationList;
			buildConfigurations = (
				665C270518860C7F00FF6833 /* Debug */,
				665C270618860C7F00FF6833 /* Release */,
			);
			defaultConfigurationIsVisible = 0;
			defaultConfigurationName = Release;
		};
/* End XCConfigurationList section */
	};
	rootObject = 665C26C418860C7E00FF6833 /* Project object */;
}
